// !$*UTF8*$!
{
	archiveVersion = 1;
	classes = {
	};
	objectVersion = 51;
	objects = {

/* Begin PBXBuildFile section */
		2B7FA94BC6F8E9742E3CD963 /* Pods_Tau.framework in Frameworks */ = {isa = PBXBuildFile; fileRef = 4C9B13509781D6387205E2D9 /* Pods_Tau.framework */; };
		F818753E236587D60002EF58 /* ConnectorType.swift in Sources */ = {isa = PBXBuildFile; fileRef = F818753D236587D60002EF58 /* ConnectorType.swift */; };
		F870B648235F6C6A0094883E /* Coordinates.swift in Sources */ = {isa = PBXBuildFile; fileRef = F870B647235F6C6A0094883E /* Coordinates.swift */; };
		F870B64A235F6CCB0094883E /* EvseStatus.swift in Sources */ = {isa = PBXBuildFile; fileRef = F870B649235F6CCB0094883E /* EvseStatus.swift */; };
		F870B64C235F6E140094883E /* LocationInfo.swift in Sources */ = {isa = PBXBuildFile; fileRef = F870B64B235F6E140094883E /* LocationInfo.swift */; };
		F870B64E235F6ED60094883E /* OpeningHours.swift in Sources */ = {isa = PBXBuildFile; fileRef = F870B64D235F6ED60094883E /* OpeningHours.swift */; };
		F870B650235F70340094883E /* Connector.swift in Sources */ = {isa = PBXBuildFile; fileRef = F870B64F235F70340094883E /* Connector.swift */; };
		F870B652235F71E00094883E /* ServiceInfo.swift in Sources */ = {isa = PBXBuildFile; fileRef = F870B651235F71E00094883E /* ServiceInfo.swift */; };
		F870B654235F72CF0094883E /* PhotoInfo.swift in Sources */ = {isa = PBXBuildFile; fileRef = F870B653235F72CF0094883E /* PhotoInfo.swift */; };
		F870B656235F78B30094883E /* NetworkService.swift in Sources */ = {isa = PBXBuildFile; fileRef = F870B655235F78B20094883E /* NetworkService.swift */; };
		F8A3BD23235E0EAC003E80F1 /* AppCoordinator.swift in Sources */ = {isa = PBXBuildFile; fileRef = F8A3BD22235E0EAC003E80F1 /* AppCoordinator.swift */; };
		F8A3BD25235E0EC5003E80F1 /* Coordinator.swift in Sources */ = {isa = PBXBuildFile; fileRef = F8A3BD24235E0EC5003E80F1 /* Coordinator.swift */; };
		F8A3BD29235E101D003E80F1 /* MapModuleViewController.swift in Sources */ = {isa = PBXBuildFile; fileRef = F8A3BD28235E101D003E80F1 /* MapModuleViewController.swift */; };
		F8A3BD2B235E1037003E80F1 /* MapModuleView.swift in Sources */ = {isa = PBXBuildFile; fileRef = F8A3BD2A235E1037003E80F1 /* MapModuleView.swift */; };
		F8A3BD2F235E11AB003E80F1 /* MapModuleViewModel.swift in Sources */ = {isa = PBXBuildFile; fileRef = F8A3BD2E235E11AB003E80F1 /* MapModuleViewModel.swift */; };
		F8A3BD31235E1211003E80F1 /* LocationService.swift in Sources */ = {isa = PBXBuildFile; fileRef = F8A3BD30235E1211003E80F1 /* LocationService.swift */; };
		F8A3BD33235E129A003E80F1 /* ServiceLocator.swift in Sources */ = {isa = PBXBuildFile; fileRef = F8A3BD32235E129A003E80F1 /* ServiceLocator.swift */; };
		F8A3BD37235E3074003E80F1 /* LocationEntity.swift in Sources */ = {isa = PBXBuildFile; fileRef = F8A3BD36235E3074003E80F1 /* LocationEntity.swift */; };
		F8E9AB8E235CD25F0060A5E9 /* AppDelegate.swift in Sources */ = {isa = PBXBuildFile; fileRef = F8E9AB8D235CD25F0060A5E9 /* AppDelegate.swift */; };
		F8E9AB97235CD2600060A5E9 /* Assets.xcassets in Resources */ = {isa = PBXBuildFile; fileRef = F8E9AB96235CD2600060A5E9 /* Assets.xcassets */; };
		F8E9AB9A235CD2600060A5E9 /* LaunchScreen.storyboard in Resources */ = {isa = PBXBuildFile; fileRef = F8E9AB98235CD2600060A5E9 /* LaunchScreen.storyboard */; };
/* End PBXBuildFile section */

/* Begin PBXFileReference section */
		01D6757FDCA1882AC5062269 /* Pods-Tau.release.xcconfig */ = {isa = PBXFileReference; includeInIndex = 1; lastKnownFileType = text.xcconfig; name = "Pods-Tau.release.xcconfig"; path = "Target Support Files/Pods-Tau/Pods-Tau.release.xcconfig"; sourceTree = "<group>"; };
		1515CE346BB805959B5DFF1D /* Pods-Tau.debug.xcconfig */ = {isa = PBXFileReference; includeInIndex = 1; lastKnownFileType = text.xcconfig; name = "Pods-Tau.debug.xcconfig"; path = "Target Support Files/Pods-Tau/Pods-Tau.debug.xcconfig"; sourceTree = "<group>"; };
		4C9B13509781D6387205E2D9 /* Pods_Tau.framework */ = {isa = PBXFileReference; explicitFileType = wrapper.framework; includeInIndex = 0; path = Pods_Tau.framework; sourceTree = BUILT_PRODUCTS_DIR; };
		F818753D236587D60002EF58 /* ConnectorType.swift */ = {isa = PBXFileReference; lastKnownFileType = sourcecode.swift; path = ConnectorType.swift; sourceTree = "<group>"; };
		F870B647235F6C6A0094883E /* Coordinates.swift */ = {isa = PBXFileReference; lastKnownFileType = sourcecode.swift; path = Coordinates.swift; sourceTree = "<group>"; };
		F870B649235F6CCB0094883E /* EvseStatus.swift */ = {isa = PBXFileReference; lastKnownFileType = sourcecode.swift; path = EvseStatus.swift; sourceTree = "<group>"; };
		F870B64B235F6E140094883E /* LocationInfo.swift */ = {isa = PBXFileReference; lastKnownFileType = sourcecode.swift; path = LocationInfo.swift; sourceTree = "<group>"; };
		F870B64D235F6ED60094883E /* OpeningHours.swift */ = {isa = PBXFileReference; lastKnownFileType = sourcecode.swift; path = OpeningHours.swift; sourceTree = "<group>"; };
		F870B64F235F70340094883E /* Connector.swift */ = {isa = PBXFileReference; lastKnownFileType = sourcecode.swift; path = Connector.swift; sourceTree = "<group>"; };
		F870B651235F71E00094883E /* ServiceInfo.swift */ = {isa = PBXFileReference; lastKnownFileType = sourcecode.swift; path = ServiceInfo.swift; sourceTree = "<group>"; };
		F870B653235F72CF0094883E /* PhotoInfo.swift */ = {isa = PBXFileReference; lastKnownFileType = sourcecode.swift; path = PhotoInfo.swift; sourceTree = "<group>"; };
		F870B655235F78B20094883E /* NetworkService.swift */ = {isa = PBXFileReference; lastKnownFileType = sourcecode.swift; path = NetworkService.swift; sourceTree = "<group>"; };
		F8A3BD22235E0EAC003E80F1 /* AppCoordinator.swift */ = {isa = PBXFileReference; lastKnownFileType = sourcecode.swift; path = AppCoordinator.swift; sourceTree = "<group>"; };
		F8A3BD24235E0EC5003E80F1 /* Coordinator.swift */ = {isa = PBXFileReference; lastKnownFileType = sourcecode.swift; path = Coordinator.swift; sourceTree = "<group>"; };
		F8A3BD28235E101D003E80F1 /* MapModuleViewController.swift */ = {isa = PBXFileReference; lastKnownFileType = sourcecode.swift; path = MapModuleViewController.swift; sourceTree = "<group>"; };
		F8A3BD2A235E1037003E80F1 /* MapModuleView.swift */ = {isa = PBXFileReference; lastKnownFileType = sourcecode.swift; path = MapModuleView.swift; sourceTree = "<group>"; };
		F8A3BD2E235E11AB003E80F1 /* MapModuleViewModel.swift */ = {isa = PBXFileReference; lastKnownFileType = sourcecode.swift; path = MapModuleViewModel.swift; sourceTree = "<group>"; };
		F8A3BD30235E1211003E80F1 /* LocationService.swift */ = {isa = PBXFileReference; lastKnownFileType = sourcecode.swift; path = LocationService.swift; sourceTree = "<group>"; };
		F8A3BD32235E129A003E80F1 /* ServiceLocator.swift */ = {isa = PBXFileReference; lastKnownFileType = sourcecode.swift; path = ServiceLocator.swift; sourceTree = "<group>"; };
		F8A3BD36235E3074003E80F1 /* LocationEntity.swift */ = {isa = PBXFileReference; lastKnownFileType = sourcecode.swift; path = LocationEntity.swift; sourceTree = "<group>"; };
		F8E9AB8A235CD25F0060A5E9 /* Tau.app */ = {isa = PBXFileReference; explicitFileType = wrapper.application; includeInIndex = 0; path = Tau.app; sourceTree = BUILT_PRODUCTS_DIR; };
		F8E9AB8D235CD25F0060A5E9 /* AppDelegate.swift */ = {isa = PBXFileReference; lastKnownFileType = sourcecode.swift; path = AppDelegate.swift; sourceTree = "<group>"; };
		F8E9AB96235CD2600060A5E9 /* Assets.xcassets */ = {isa = PBXFileReference; lastKnownFileType = folder.assetcatalog; path = Assets.xcassets; sourceTree = "<group>"; };
		F8E9AB99235CD2600060A5E9 /* Base */ = {isa = PBXFileReference; lastKnownFileType = file.storyboard; name = Base; path = Base.lproj/LaunchScreen.storyboard; sourceTree = "<group>"; };
		F8E9AB9B235CD2600060A5E9 /* Info.plist */ = {isa = PBXFileReference; lastKnownFileType = text.plist.xml; path = Info.plist; sourceTree = "<group>"; };
/* End PBXFileReference section */

/* Begin PBXFrameworksBuildPhase section */
		F8E9AB87235CD25F0060A5E9 /* Frameworks */ = {
			isa = PBXFrameworksBuildPhase;
			buildActionMask = 2147483647;
			files = (
				2B7FA94BC6F8E9742E3CD963 /* Pods_Tau.framework in Frameworks */,
			);
			runOnlyForDeploymentPostprocessing = 0;
		};
/* End PBXFrameworksBuildPhase section */

/* Begin PBXGroup section */
		8F22B20C37CA4662E725A360 /* Pods */ = {
			isa = PBXGroup;
			children = (
				1515CE346BB805959B5DFF1D /* Pods-Tau.debug.xcconfig */,
				01D6757FDCA1882AC5062269 /* Pods-Tau.release.xcconfig */,
			);
			path = Pods;
			sourceTree = "<group>";
		};
		CD7E4C2A7493076A3FE1B9DC /* Frameworks */ = {
			isa = PBXGroup;
			children = (
				4C9B13509781D6387205E2D9 /* Pods_Tau.framework */,
			);
			name = Frameworks;
			sourceTree = "<group>";
		};
		F8A3BD21235E0E99003E80F1 /* Coordinators */ = {
			isa = PBXGroup;
			children = (
				F8A3BD22235E0EAC003E80F1 /* AppCoordinator.swift */,
				F8A3BD24235E0EC5003E80F1 /* Coordinator.swift */,
			);
			path = Coordinators;
			sourceTree = "<group>";
		};
		F8A3BD26235E0FCE003E80F1 /* Modules */ = {
			isa = PBXGroup;
			children = (
				F8A3BD27235E0FDA003E80F1 /* MapModule */,
			);
			path = Modules;
			sourceTree = "<group>";
		};
		F8A3BD27235E0FDA003E80F1 /* MapModule */ = {
			isa = PBXGroup;
			children = (
				F8A3BD28235E101D003E80F1 /* MapModuleViewController.swift */,
				F8A3BD2A235E1037003E80F1 /* MapModuleView.swift */,
				F8A3BD2E235E11AB003E80F1 /* MapModuleViewModel.swift */,
			);
			path = MapModule;
			sourceTree = "<group>";
		};
		F8A3BD2D235E116D003E80F1 /* Services */ = {
			isa = PBXGroup;
			children = (
				F8A3BD30235E1211003E80F1 /* LocationService.swift */,
				F8A3BD32235E129A003E80F1 /* ServiceLocator.swift */,
				F870B655235F78B20094883E /* NetworkService.swift */,
			);
			path = Services;
			sourceTree = "<group>";
		};
		F8A3BD35235E2F18003E80F1 /* Models */ = {
			isa = PBXGroup;
			children = (
				F8A3BD36235E3074003E80F1 /* LocationEntity.swift */,
				F870B647235F6C6A0094883E /* Coordinates.swift */,
				F870B649235F6CCB0094883E /* EvseStatus.swift */,
				F870B64B235F6E140094883E /* LocationInfo.swift */,
				F870B64D235F6ED60094883E /* OpeningHours.swift */,
				F870B64F235F70340094883E /* Connector.swift */,
				F870B651235F71E00094883E /* ServiceInfo.swift */,
				F870B653235F72CF0094883E /* PhotoInfo.swift */,
				F818753D236587D60002EF58 /* ConnectorType.swift */,
			);
			path = Models;
			sourceTree = "<group>";
		};
		F8E9AB81235CD25F0060A5E9 = {
			isa = PBXGroup;
			children = (
				F8E9AB8C235CD25F0060A5E9 /* Tau */,
				F8E9AB8B235CD25F0060A5E9 /* Products */,
				8F22B20C37CA4662E725A360 /* Pods */,
				CD7E4C2A7493076A3FE1B9DC /* Frameworks */,
			);
			sourceTree = "<group>";
		};
		F8E9AB8B235CD25F0060A5E9 /* Products */ = {
			isa = PBXGroup;
			children = (
				F8E9AB8A235CD25F0060A5E9 /* Tau.app */,
			);
			name = Products;
			sourceTree = "<group>";
		};
		F8E9AB8C235CD25F0060A5E9 /* Tau */ = {
			isa = PBXGroup;
			children = (
				F8A3BD35235E2F18003E80F1 /* Models */,
				F8A3BD2D235E116D003E80F1 /* Services */,
				F8A3BD26235E0FCE003E80F1 /* Modules */,
				F8A3BD21235E0E99003E80F1 /* Coordinators */,
				F8E9AB8D235CD25F0060A5E9 /* AppDelegate.swift */,
				F8E9AB96235CD2600060A5E9 /* Assets.xcassets */,
				F8E9AB98235CD2600060A5E9 /* LaunchScreen.storyboard */,
				F8E9AB9B235CD2600060A5E9 /* Info.plist */,
			);
			path = Tau;
			sourceTree = "<group>";
		};
/* End PBXGroup section */

/* Begin PBXNativeTarget section */
		F8E9AB89235CD25F0060A5E9 /* Tau */ = {
			isa = PBXNativeTarget;
			buildConfigurationList = F8E9AB9E235CD2600060A5E9 /* Build configuration list for PBXNativeTarget "Tau" */;
			buildPhases = (
				E09BE3EE7EB4EA4E993C41DA /* [CP] Check Pods Manifest.lock */,
				F8E9AB86235CD25F0060A5E9 /* Sources */,
				F8E9AB87235CD25F0060A5E9 /* Frameworks */,
				F8E9AB88235CD25F0060A5E9 /* Resources */,
				B1A934EE96298711B74B38BE /* [CP] Embed Pods Frameworks */,
				6F184B029F74CBAC4A67891C /* [CP] Copy Pods Resources */,
			);
			buildRules = (
			);
			dependencies = (
			);
			name = Tau;
			productName = Tau;
			productReference = F8E9AB8A235CD25F0060A5E9 /* Tau.app */;
			productType = "com.apple.product-type.application";
		};
/* End PBXNativeTarget section */

/* Begin PBXProject section */
		F8E9AB82235CD25F0060A5E9 /* Project object */ = {
			isa = PBXProject;
			attributes = {
				LastSwiftUpdateCheck = 1100;
				LastUpgradeCheck = 1100;
				ORGANIZATIONNAME = "Iskander Foatov";
				TargetAttributes = {
					F8E9AB89235CD25F0060A5E9 = {
						CreatedOnToolsVersion = 11.0;
					};
				};
			};
			buildConfigurationList = F8E9AB85235CD25F0060A5E9 /* Build configuration list for PBXProject "Tau" */;
			compatibilityVersion = "Xcode 9.3";
			developmentRegion = en;
			hasScannedForEncodings = 0;
			knownRegions = (
				en,
				Base,
			);
			mainGroup = F8E9AB81235CD25F0060A5E9;
			productRefGroup = F8E9AB8B235CD25F0060A5E9 /* Products */;
			projectDirPath = "";
			projectRoot = "";
			targets = (
				F8E9AB89235CD25F0060A5E9 /* Tau */,
			);
		};
/* End PBXProject section */

/* Begin PBXResourcesBuildPhase section */
		F8E9AB88235CD25F0060A5E9 /* Resources */ = {
			isa = PBXResourcesBuildPhase;
			buildActionMask = 2147483647;
			files = (
				F8E9AB9A235CD2600060A5E9 /* LaunchScreen.storyboard in Resources */,
				F8E9AB97235CD2600060A5E9 /* Assets.xcassets in Resources */,
			);
			runOnlyForDeploymentPostprocessing = 0;
		};
/* End PBXResourcesBuildPhase section */

/* Begin PBXShellScriptBuildPhase section */
		6F184B029F74CBAC4A67891C /* [CP] Copy Pods Resources */ = {
			isa = PBXShellScriptBuildPhase;
			buildActionMask = 2147483647;
			files = (
			);
			inputFileListPaths = (
				"${PODS_ROOT}/Target Support Files/Pods-Tau/Pods-Tau-resources-${CONFIGURATION}-input-files.xcfilelist",
			);
			name = "[CP] Copy Pods Resources";
			outputFileListPaths = (
				"${PODS_ROOT}/Target Support Files/Pods-Tau/Pods-Tau-resources-${CONFIGURATION}-output-files.xcfilelist",
			);
			runOnlyForDeploymentPostprocessing = 0;
			shellPath = /bin/sh;
			shellScript = "\"${PODS_ROOT}/Target Support Files/Pods-Tau/Pods-Tau-resources.sh\"\n";
			showEnvVarsInLog = 0;
		};
		B1A934EE96298711B74B38BE /* [CP] Embed Pods Frameworks */ = {
			isa = PBXShellScriptBuildPhase;
			buildActionMask = 2147483647;
			files = (
			);
			inputFileListPaths = (
				"${PODS_ROOT}/Target Support Files/Pods-Tau/Pods-Tau-frameworks-${CONFIGURATION}-input-files.xcfilelist",
			);
			name = "[CP] Embed Pods Frameworks";
			outputFileListPaths = (
				"${PODS_ROOT}/Target Support Files/Pods-Tau/Pods-Tau-frameworks-${CONFIGURATION}-output-files.xcfilelist",
			);
			runOnlyForDeploymentPostprocessing = 0;
			shellPath = /bin/sh;
			shellScript = "\"${PODS_ROOT}/Target Support Files/Pods-Tau/Pods-Tau-frameworks.sh\"\n";
			showEnvVarsInLog = 0;
		};
		E09BE3EE7EB4EA4E993C41DA /* [CP] Check Pods Manifest.lock */ = {
			isa = PBXShellScriptBuildPhase;
			buildActionMask = 2147483647;
			files = (
			);
			inputFileListPaths = (
			);
			inputPaths = (
				"${PODS_PODFILE_DIR_PATH}/Podfile.lock",
				"${PODS_ROOT}/Manifest.lock",
			);
			name = "[CP] Check Pods Manifest.lock";
			outputFileListPaths = (
			);
			outputPaths = (
				"$(DERIVED_FILE_DIR)/Pods-Tau-checkManifestLockResult.txt",
			);
			runOnlyForDeploymentPostprocessing = 0;
			shellPath = /bin/sh;
			shellScript = "diff \"${PODS_PODFILE_DIR_PATH}/Podfile.lock\" \"${PODS_ROOT}/Manifest.lock\" > /dev/null\nif [ $? != 0 ] ; then\n    # print error to STDERR\n    echo \"error: The sandbox is not in sync with the Podfile.lock. Run 'pod install' or update your CocoaPods installation.\" >&2\n    exit 1\nfi\n# This output is used by Xcode 'outputs' to avoid re-running this script phase.\necho \"SUCCESS\" > \"${SCRIPT_OUTPUT_FILE_0}\"\n";
			showEnvVarsInLog = 0;
		};
/* End PBXShellScriptBuildPhase section */

/* Begin PBXSourcesBuildPhase section */
		F8E9AB86235CD25F0060A5E9 /* Sources */ = {
			isa = PBXSourcesBuildPhase;
			buildActionMask = 2147483647;
			files = (
				F8A3BD33235E129A003E80F1 /* ServiceLocator.swift in Sources */,
				F8A3BD25235E0EC5003E80F1 /* Coordinator.swift in Sources */,
				F870B64E235F6ED60094883E /* OpeningHours.swift in Sources */,
				F870B650235F70340094883E /* Connector.swift in Sources */,
				F870B656235F78B30094883E /* NetworkService.swift in Sources */,
				F870B654235F72CF0094883E /* PhotoInfo.swift in Sources */,
				F8A3BD23235E0EAC003E80F1 /* AppCoordinator.swift in Sources */,
				F818753E236587D60002EF58 /* ConnectorType.swift in Sources */,
				F8A3BD37235E3074003E80F1 /* LocationEntity.swift in Sources */,
				F8A3BD31235E1211003E80F1 /* LocationService.swift in Sources */,
				F8A3BD2B235E1037003E80F1 /* MapModuleView.swift in Sources */,
				F870B652235F71E00094883E /* ServiceInfo.swift in Sources */,
				F870B648235F6C6A0094883E /* Coordinates.swift in Sources */,
				F8A3BD29235E101D003E80F1 /* MapModuleViewController.swift in Sources */,
				F870B64C235F6E140094883E /* LocationInfo.swift in Sources */,
				F8E9AB8E235CD25F0060A5E9 /* AppDelegate.swift in Sources */,
				F870B64A235F6CCB0094883E /* EvseStatus.swift in Sources */,
				F8A3BD2F235E11AB003E80F1 /* MapModuleViewModel.swift in Sources */,
			);
			runOnlyForDeploymentPostprocessing = 0;
		};
/* End PBXSourcesBuildPhase section */

/* Begin PBXVariantGroup section */
		F8E9AB98235CD2600060A5E9 /* LaunchScreen.storyboard */ = {
			isa = PBXVariantGroup;
			children = (
				F8E9AB99235CD2600060A5E9 /* Base */,
			);
			name = LaunchScreen.storyboard;
			sourceTree = "<group>";
		};
/* End PBXVariantGroup section */

/* Begin XCBuildConfiguration section */
		F8E9AB9C235CD2600060A5E9 /* Debug */ = {
			isa = XCBuildConfiguration;
			buildSettings = {
				ALWAYS_SEARCH_USER_PATHS = NO;
				CLANG_ANALYZER_NONNULL = YES;
				CLANG_ANALYZER_NUMBER_OBJECT_CONVERSION = YES_AGGRESSIVE;
				CLANG_CXX_LANGUAGE_STANDARD = "gnu++14";
				CLANG_CXX_LIBRARY = "libc++";
				CLANG_ENABLE_MODULES = YES;
				CLANG_ENABLE_OBJC_ARC = YES;
				CLANG_ENABLE_OBJC_WEAK = YES;
				CLANG_WARN_BLOCK_CAPTURE_AUTORELEASING = YES;
				CLANG_WARN_BOOL_CONVERSION = YES;
				CLANG_WARN_COMMA = YES;
				CLANG_WARN_CONSTANT_CONVERSION = YES;
				CLANG_WARN_DEPRECATED_OBJC_IMPLEMENTATIONS = YES;
				CLANG_WARN_DIRECT_OBJC_ISA_USAGE = YES_ERROR;
				CLANG_WARN_DOCUMENTATION_COMMENTS = YES;
				CLANG_WARN_EMPTY_BODY = YES;
				CLANG_WARN_ENUM_CONVERSION = YES;
				CLANG_WARN_INFINITE_RECURSION = YES;
				CLANG_WARN_INT_CONVERSION = YES;
				CLANG_WARN_NON_LITERAL_NULL_CONVERSION = YES;
				CLANG_WARN_OBJC_IMPLICIT_RETAIN_SELF = YES;
				CLANG_WARN_OBJC_LITERAL_CONVERSION = YES;
				CLANG_WARN_OBJC_ROOT_CLASS = YES_ERROR;
				CLANG_WARN_RANGE_LOOP_ANALYSIS = YES;
				CLANG_WARN_STRICT_PROTOTYPES = YES;
				CLANG_WARN_SUSPICIOUS_MOVE = YES;
				CLANG_WARN_UNGUARDED_AVAILABILITY = YES_AGGRESSIVE;
				CLANG_WARN_UNREACHABLE_CODE = YES;
				CLANG_WARN__DUPLICATE_METHOD_MATCH = YES;
				COPY_PHASE_STRIP = NO;
				DEBUG_INFORMATION_FORMAT = dwarf;
				ENABLE_STRICT_OBJC_MSGSEND = YES;
				ENABLE_TESTABILITY = YES;
				GCC_C_LANGUAGE_STANDARD = gnu11;
				GCC_DYNAMIC_NO_PIC = NO;
				GCC_NO_COMMON_BLOCKS = YES;
				GCC_OPTIMIZATION_LEVEL = 0;
				GCC_PREPROCESSOR_DEFINITIONS = (
					"DEBUG=1",
					"$(inherited)",
				);
				GCC_WARN_64_TO_32_BIT_CONVERSION = YES;
				GCC_WARN_ABOUT_RETURN_TYPE = YES_ERROR;
				GCC_WARN_UNDECLARED_SELECTOR = YES;
				GCC_WARN_UNINITIALIZED_AUTOS = YES_AGGRESSIVE;
				GCC_WARN_UNUSED_FUNCTION = YES;
				GCC_WARN_UNUSED_VARIABLE = YES;
				IPHONEOS_DEPLOYMENT_TARGET = 13.0;
				MTL_ENABLE_DEBUG_INFO = INCLUDE_SOURCE;
				MTL_FAST_MATH = YES;
				ONLY_ACTIVE_ARCH = YES;
				SDKROOT = iphoneos;
				SWIFT_ACTIVE_COMPILATION_CONDITIONS = DEBUG;
				SWIFT_OPTIMIZATION_LEVEL = "-Onone";
			};
			name = Debug;
		};
		F8E9AB9D235CD2600060A5E9 /* Release */ = {
			isa = XCBuildConfiguration;
			buildSettings = {
				ALWAYS_SEARCH_USER_PATHS = NO;
				CLANG_ANALYZER_NONNULL = YES;
				CLANG_ANALYZER_NUMBER_OBJECT_CONVERSION = YES_AGGRESSIVE;
				CLANG_CXX_LANGUAGE_STANDARD = "gnu++14";
				CLANG_CXX_LIBRARY = "libc++";
				CLANG_ENABLE_MODULES = YES;
				CLANG_ENABLE_OBJC_ARC = YES;
				CLANG_ENABLE_OBJC_WEAK = YES;
				CLANG_WARN_BLOCK_CAPTURE_AUTORELEASING = YES;
				CLANG_WARN_BOOL_CONVERSION = YES;
				CLANG_WARN_COMMA = YES;
				CLANG_WARN_CONSTANT_CONVERSION = YES;
				CLANG_WARN_DEPRECATED_OBJC_IMPLEMENTATIONS = YES;
				CLANG_WARN_DIRECT_OBJC_ISA_USAGE = YES_ERROR;
				CLANG_WARN_DOCUMENTATION_COMMENTS = YES;
				CLANG_WARN_EMPTY_BODY = YES;
				CLANG_WARN_ENUM_CONVERSION = YES;
				CLANG_WARN_INFINITE_RECURSION = YES;
				CLANG_WARN_INT_CONVERSION = YES;
				CLANG_WARN_NON_LITERAL_NULL_CONVERSION = YES;
				CLANG_WARN_OBJC_IMPLICIT_RETAIN_SELF = YES;
				CLANG_WARN_OBJC_LITERAL_CONVERSION = YES;
				CLANG_WARN_OBJC_ROOT_CLASS = YES_ERROR;
				CLANG_WARN_RANGE_LOOP_ANALYSIS = YES;
				CLANG_WARN_STRICT_PROTOTYPES = YES;
				CLANG_WARN_SUSPICIOUS_MOVE = YES;
				CLANG_WARN_UNGUARDED_AVAILABILITY = YES_AGGRESSIVE;
				CLANG_WARN_UNREACHABLE_CODE = YES;
				CLANG_WARN__DUPLICATE_METHOD_MATCH = YES;
				COPY_PHASE_STRIP = NO;
				DEBUG_INFORMATION_FORMAT = "dwarf-with-dsym";
				ENABLE_NS_ASSERTIONS = NO;
				ENABLE_STRICT_OBJC_MSGSEND = YES;
				GCC_C_LANGUAGE_STANDARD = gnu11;
				GCC_NO_COMMON_BLOCKS = YES;
				GCC_WARN_64_TO_32_BIT_CONVERSION = YES;
				GCC_WARN_ABOUT_RETURN_TYPE = YES_ERROR;
				GCC_WARN_UNDECLARED_SELECTOR = YES;
				GCC_WARN_UNINITIALIZED_AUTOS = YES_AGGRESSIVE;
				GCC_WARN_UNUSED_FUNCTION = YES;
				GCC_WARN_UNUSED_VARIABLE = YES;
				IPHONEOS_DEPLOYMENT_TARGET = 13.0;
				MTL_ENABLE_DEBUG_INFO = NO;
				MTL_FAST_MATH = YES;
				SDKROOT = iphoneos;
				SWIFT_COMPILATION_MODE = wholemodule;
				SWIFT_OPTIMIZATION_LEVEL = "-O";
				VALIDATE_PRODUCT = YES;
			};
			name = Release;
		};
		F8E9AB9F235CD2600060A5E9 /* Debug */ = {
			isa = XCBuildConfiguration;
			baseConfigurationReference = 1515CE346BB805959B5DFF1D /* Pods-Tau.debug.xcconfig */;
			buildSettings = {
				ASSETCATALOG_COMPILER_APPICON_NAME = AppIcon;
				CODE_SIGN_STYLE = Automatic;
				DEVELOPMENT_TEAM = EXB62WLCJ2;
				INFOPLIST_FILE = Tau/Info.plist;
				IPHONEOS_DEPLOYMENT_TARGET = 11.0;
				LD_RUNPATH_SEARCH_PATHS = (
					"$(inherited)",
					"@executable_path/Frameworks",
				);
				PRODUCT_BUNDLE_IDENTIFIER = ifoatov.Tau;
				PRODUCT_NAME = "$(TARGET_NAME)";
				SWIFT_VERSION = 5.0;
				TARGETED_DEVICE_FAMILY = "1,2";
			};
			name = Debug;
		};
		F8E9ABA0235CD2600060A5E9 /* Release */ = {
			isa = XCBuildConfiguration;
			baseConfigurationReference = 01D6757FDCA1882AC5062269 /* Pods-Tau.release.xcconfig */;
			buildSettings = {
				ASSETCATALOG_COMPILER_APPICON_NAME = AppIcon;
				CODE_SIGN_STYLE = Automatic;
				DEVELOPMENT_TEAM = EXB62WLCJ2;
				INFOPLIST_FILE = Tau/Info.plist;
				IPHONEOS_DEPLOYMENT_TARGET = 11.0;
				LD_RUNPATH_SEARCH_PATHS = (
					"$(inherited)",
					"@executable_path/Frameworks",
				);
				PRODUCT_BUNDLE_IDENTIFIER = ifoatov.Tau;
				PRODUCT_NAME = "$(TARGET_NAME)";
				SWIFT_VERSION = 5.0;
				TARGETED_DEVICE_FAMILY = "1,2";
			};
			name = Release;
		};
/* End XCBuildConfiguration section */

/* Begin XCConfigurationList section */
		F8E9AB85235CD25F0060A5E9 /* Build configuration list for PBXProject "Tau" */ = {
			isa = XCConfigurationList;
			buildConfigurations = (
				F8E9AB9C235CD2600060A5E9 /* Debug */,
				F8E9AB9D235CD2600060A5E9 /* Release */,
			);
			defaultConfigurationIsVisible = 0;
			defaultConfigurationName = Release;
		};
		F8E9AB9E235CD2600060A5E9 /* Build configuration list for PBXNativeTarget "Tau" */ = {
			isa = XCConfigurationList;
			buildConfigurations = (
				F8E9AB9F235CD2600060A5E9 /* Debug */,
				F8E9ABA0235CD2600060A5E9 /* Release */,
			);
			defaultConfigurationIsVisible = 0;
			defaultConfigurationName = Release;
		};
/* End XCConfigurationList section */
	};
	rootObject = F8E9AB82235CD25F0060A5E9 /* Project object */;
}
